// !$*UTF8*$!
{
	archiveVersion = 1;
	classes = {
	};
	objectVersion = 50;
	objects = {

/* Begin PBXBuildFile section */
		790452DE279FD95600912143 /* AppDelegate.swift in Sources */ = {isa = PBXBuildFile; fileRef = 790452DD279FD95600912143 /* AppDelegate.swift */; };
		790452E0279FD95600912143 /* SceneDelegate.swift in Sources */ = {isa = PBXBuildFile; fileRef = 790452DF279FD95600912143 /* SceneDelegate.swift */; };
		790452E2279FD95600912143 /* ViewController.swift in Sources */ = {isa = PBXBuildFile; fileRef = 790452E1279FD95600912143 /* ViewController.swift */; };
		790452E5279FD95600912143 /* Main.storyboard in Resources */ = {isa = PBXBuildFile; fileRef = 790452E3279FD95600912143 /* Main.storyboard */; };
		790452E7279FD95600912143 /* Assets.xcassets in Resources */ = {isa = PBXBuildFile; fileRef = 790452E6279FD95600912143 /* Assets.xcassets */; };
		790452EA279FD95600912143 /* LaunchScreen.storyboard in Resources */ = {isa = PBXBuildFile; fileRef = 790452E8279FD95600912143 /* LaunchScreen.storyboard */; };
		790452F4279FDE2300912143 /* APICall.swift in Sources */ = {isa = PBXBuildFile; fileRef = 790452F3279FDE2300912143 /* APICall.swift */; };
		790452F8279FDFC300912143 /* LogHelper.swift in Sources */ = {isa = PBXBuildFile; fileRef = 790452F7279FDFC300912143 /* LogHelper.swift */; };
		790452FB279FE4A600912143 /* ListViewController.swift in Sources */ = {isa = PBXBuildFile; fileRef = 790452FA279FE4A600912143 /* ListViewController.swift */; };
		790452FF279FF79C00912143 /* ListViewModel.swift in Sources */ = {isa = PBXBuildFile; fileRef = 790452FE279FF79C00912143 /* ListViewModel.swift */; };
		79045301279FF85D00912143 /* Observable.swift in Sources */ = {isa = PBXBuildFile; fileRef = 79045300279FF85D00912143 /* Observable.swift */; };
		7904530327A0008D00912143 /* ListModel.swift in Sources */ = {isa = PBXBuildFile; fileRef = 7904530227A0008D00912143 /* ListModel.swift */; };
		7904530727A008F100912143 /* ListCell.swift in Sources */ = {isa = PBXBuildFile; fileRef = 7904530527A008F100912143 /* ListCell.swift */; };
		7904530827A008F100912143 /* ListCell.xib in Resources */ = {isa = PBXBuildFile; fileRef = 7904530627A008F100912143 /* ListCell.xib */; };
		7904530B27A0161B00912143 /* UIImage+Extension.swift in Sources */ = {isa = PBXBuildFile; fileRef = 7904530A27A0161B00912143 /* UIImage+Extension.swift */; };
		7904530D27A0180300912143 /* UIView+Extension.swift in Sources */ = {isa = PBXBuildFile; fileRef = 7904530C27A0180300912143 /* UIView+Extension.swift */; };
/* End PBXBuildFile section */

/* Begin PBXFileReference section */
		790452DA279FD95600912143 /* Assignment.app */ = {isa = PBXFileReference; explicitFileType = wrapper.application; includeInIndex = 0; path = Assignment.app; sourceTree = BUILT_PRODUCTS_DIR; };
		790452DD279FD95600912143 /* AppDelegate.swift */ = {isa = PBXFileReference; lastKnownFileType = sourcecode.swift; path = AppDelegate.swift; sourceTree = "<group>"; };
		790452DF279FD95600912143 /* SceneDelegate.swift */ = {isa = PBXFileReference; lastKnownFileType = sourcecode.swift; path = SceneDelegate.swift; sourceTree = "<group>"; };
		790452E1279FD95600912143 /* ViewController.swift */ = {isa = PBXFileReference; lastKnownFileType = sourcecode.swift; path = ViewController.swift; sourceTree = "<group>"; };
		790452E4279FD95600912143 /* Base */ = {isa = PBXFileReference; lastKnownFileType = file.storyboard; name = Base; path = Base.lproj/Main.storyboard; sourceTree = "<group>"; };
		790452E6279FD95600912143 /* Assets.xcassets */ = {isa = PBXFileReference; lastKnownFileType = folder.assetcatalog; path = Assets.xcassets; sourceTree = "<group>"; };
		790452E9279FD95600912143 /* Base */ = {isa = PBXFileReference; lastKnownFileType = file.storyboard; name = Base; path = Base.lproj/LaunchScreen.storyboard; sourceTree = "<group>"; };
		790452EB279FD95600912143 /* Info.plist */ = {isa = PBXFileReference; lastKnownFileType = text.plist.xml; path = Info.plist; sourceTree = "<group>"; };
		790452F3279FDE2300912143 /* APICall.swift */ = {isa = PBXFileReference; lastKnownFileType = sourcecode.swift; path = APICall.swift; sourceTree = "<group>"; };
		790452F7279FDFC300912143 /* LogHelper.swift */ = {isa = PBXFileReference; lastKnownFileType = sourcecode.swift; path = LogHelper.swift; sourceTree = "<group>"; };
		790452FA279FE4A600912143 /* ListViewController.swift */ = {isa = PBXFileReference; lastKnownFileType = sourcecode.swift; path = ListViewController.swift; sourceTree = "<group>"; };
		790452FE279FF79C00912143 /* ListViewModel.swift */ = {isa = PBXFileReference; lastKnownFileType = sourcecode.swift; path = ListViewModel.swift; sourceTree = "<group>"; };
		79045300279FF85D00912143 /* Observable.swift */ = {isa = PBXFileReference; lastKnownFileType = sourcecode.swift; path = Observable.swift; sourceTree = "<group>"; };
		7904530227A0008D00912143 /* ListModel.swift */ = {isa = PBXFileReference; lastKnownFileType = sourcecode.swift; path = ListModel.swift; sourceTree = "<group>"; };
		7904530527A008F100912143 /* ListCell.swift */ = {isa = PBXFileReference; lastKnownFileType = sourcecode.swift; path = ListCell.swift; sourceTree = "<group>"; };
		7904530627A008F100912143 /* ListCell.xib */ = {isa = PBXFileReference; lastKnownFileType = file.xib; path = ListCell.xib; sourceTree = "<group>"; };
		7904530A27A0161B00912143 /* UIImage+Extension.swift */ = {isa = PBXFileReference; lastKnownFileType = sourcecode.swift; path = "UIImage+Extension.swift"; sourceTree = "<group>"; };
		7904530C27A0180300912143 /* UIView+Extension.swift */ = {isa = PBXFileReference; lastKnownFileType = sourcecode.swift; path = "UIView+Extension.swift"; sourceTree = "<group>"; };
/* End PBXFileReference section */

/* Begin PBXFrameworksBuildPhase section */
		790452D7279FD95600912143 /* Frameworks */ = {
			isa = PBXFrameworksBuildPhase;
			buildActionMask = 2147483647;
			files = (
			);
			runOnlyForDeploymentPostprocessing = 0;
		};
/* End PBXFrameworksBuildPhase section */

/* Begin PBXGroup section */
		790452D1279FD95600912143 = {
			isa = PBXGroup;
			children = (
				790452DC279FD95600912143 /* Assignment */,
				790452DB279FD95600912143 /* Products */,
			);
			sourceTree = "<group>";
		};
		790452DB279FD95600912143 /* Products */ = {
			isa = PBXGroup;
			children = (
				790452DA279FD95600912143 /* Assignment.app */,
			);
			name = Products;
			sourceTree = "<group>";
		};
		790452DC279FD95600912143 /* Assignment */ = {
			isa = PBXGroup;
			children = (
				790452FD279FE4BA00912143 /* ViewModel */,
				790452FC279FE4B300912143 /* Model */,
				790452F9279FE48500912143 /* Controller */,
				790452F1279FDE0100912143 /* Helper */,
				790452DD279FD95600912143 /* AppDelegate.swift */,
				790452DF279FD95600912143 /* SceneDelegate.swift */,
				790452E1279FD95600912143 /* ViewController.swift */,
				790452E3279FD95600912143 /* Main.storyboard */,
				790452E6279FD95600912143 /* Assets.xcassets */,
				790452E8279FD95600912143 /* LaunchScreen.storyboard */,
				790452EB279FD95600912143 /* Info.plist */,
			);
			path = Assignment;
			sourceTree = "<group>";
		};
		790452F1279FDE0100912143 /* Helper */ = {
			isa = PBXGroup;
			children = (
				7904530927A0160D00912143 /* Extension */,
				790452F6279FDFB900912143 /* Library */,
				790452F2279FDE1500912143 /* APICall */,
				79045300279FF85D00912143 /* Observable.swift */,
			);
			path = Helper;
			sourceTree = "<group>";
		};
		790452F2279FDE1500912143 /* APICall */ = {
			isa = PBXGroup;
			children = (
				790452F3279FDE2300912143 /* APICall.swift */,
			);
			path = APICall;
			sourceTree = "<group>";
		};
		790452F6279FDFB900912143 /* Library */ = {
			isa = PBXGroup;
			children = (
				790452F7279FDFC300912143 /* LogHelper.swift */,
			);
			path = Library;
			sourceTree = "<group>";
		};
		790452F9279FE48500912143 /* Controller */ = {
			isa = PBXGroup;
			children = (
				7904530427A008C900912143 /* View */,
				790452FA279FE4A600912143 /* ListViewController.swift */,
			);
			path = Controller;
			sourceTree = "<group>";
		};
		790452FC279FE4B300912143 /* Model */ = {
			isa = PBXGroup;
			children = (
				7904530227A0008D00912143 /* ListModel.swift */,
			);
			path = Model;
			sourceTree = "<group>";
		};
		790452FD279FE4BA00912143 /* ViewModel */ = {
			isa = PBXGroup;
			children = (
				790452FE279FF79C00912143 /* ListViewModel.swift */,
			);
			path = ViewModel;
			sourceTree = "<group>";
		};
		7904530427A008C900912143 /* View */ = {
			isa = PBXGroup;
			children = (
				7904530527A008F100912143 /* ListCell.swift */,
				7904530627A008F100912143 /* ListCell.xib */,
			);
			path = View;
			sourceTree = "<group>";
		};
		7904530927A0160D00912143 /* Extension */ = {
			isa = PBXGroup;
			children = (
				7904530A27A0161B00912143 /* UIImage+Extension.swift */,
				7904530C27A0180300912143 /* UIView+Extension.swift */,
			);
			path = Extension;
			sourceTree = "<group>";
		};
/* End PBXGroup section */

/* Begin PBXNativeTarget section */
		790452D9279FD95600912143 /* Assignment */ = {
			isa = PBXNativeTarget;
			buildConfigurationList = 790452EE279FD95600912143 /* Build configuration list for PBXNativeTarget "Assignment" */;
			buildPhases = (
				790452D6279FD95600912143 /* Sources */,
				790452D7279FD95600912143 /* Frameworks */,
				790452D8279FD95600912143 /* Resources */,
			);
			buildRules = (
			);
			dependencies = (
			);
			name = Assignment;
			productName = Assignment;
			productReference = 790452DA279FD95600912143 /* Assignment.app */;
			productType = "com.apple.product-type.application";
		};
/* End PBXNativeTarget section */

/* Begin PBXProject section */
		790452D2279FD95600912143 /* Project object */ = {
			isa = PBXProject;
			attributes = {
				LastSwiftUpdateCheck = 1250;
				LastUpgradeCheck = 1250;
				TargetAttributes = {
					790452D9279FD95600912143 = {
						CreatedOnToolsVersion = 12.5;
					};
				};
			};
			buildConfigurationList = 790452D5279FD95600912143 /* Build configuration list for PBXProject "Assignment" */;
			compatibilityVersion = "Xcode 9.3";
			developmentRegion = en;
			hasScannedForEncodings = 0;
			knownRegions = (
				en,
				Base,
			);
			mainGroup = 790452D1279FD95600912143;
			productRefGroup = 790452DB279FD95600912143 /* Products */;
			projectDirPath = "";
			projectRoot = "";
			targets = (
				790452D9279FD95600912143 /* Assignment */,
			);
		};
/* End PBXProject section */

/* Begin PBXResourcesBuildPhase section */
		790452D8279FD95600912143 /* Resources */ = {
			isa = PBXResourcesBuildPhase;
			buildActionMask = 2147483647;
			files = (
				790452EA279FD95600912143 /* LaunchScreen.storyboard in Resources */,
				7904530827A008F100912143 /* ListCell.xib in Resources */,
				790452E7279FD95600912143 /* Assets.xcassets in Resources */,
				790452E5279FD95600912143 /* Main.storyboard in Resources */,
			);
			runOnlyForDeploymentPostprocessing = 0;
		};
/* End PBXResourcesBuildPhase section */

/* Begin PBXSourcesBuildPhase section */
		790452D6279FD95600912143 /* Sources */ = {
			isa = PBXSourcesBuildPhase;
			buildActionMask = 2147483647;
			files = (
				7904530327A0008D00912143 /* ListModel.swift in Sources */,
				79045301279FF85D00912143 /* Observable.swift in Sources */,
				790452E2279FD95600912143 /* ViewController.swift in Sources */,
				7904530727A008F100912143 /* ListCell.swift in Sources */,
				790452F8279FDFC300912143 /* LogHelper.swift in Sources */,
				790452FB279FE4A600912143 /* ListViewController.swift in Sources */,
				7904530D27A0180300912143 /* UIView+Extension.swift in Sources */,
				790452FF279FF79C00912143 /* ListViewModel.swift in Sources */,
				790452DE279FD95600912143 /* AppDelegate.swift in Sources */,
				790452F4279FDE2300912143 /* APICall.swift in Sources */,
				7904530B27A0161B00912143 /* UIImage+Extension.swift in Sources */,
				790452E0279FD95600912143 /* SceneDelegate.swift in Sources */,
			);
			runOnlyForDeploymentPostprocessing = 0;
		};
/* End PBXSourcesBuildPhase section */

/* Begin PBXVariantGroup section */
		790452E3279FD95600912143 /* Main.storyboard */ = {
			isa = PBXVariantGroup;
			children = (
				790452E4279FD95600912143 /* Base */,
			);
			name = Main.storyboard;
			sourceTree = "<group>";
		};
		790452E8279FD95600912143 /* LaunchScreen.storyboard */ = {
			isa = PBXVariantGroup;
			children = (
				790452E9279FD95600912143 /* Base */,
			);
			name = LaunchScreen.storyboard;
			sourceTree = "<group>";
		};
/* End PBXVariantGroup section */

/* Begin XCBuildConfiguration section */
		790452EC279FD95600912143 /* Debug */ = {
			isa = XCBuildConfiguration;
			buildSettings = {
				ALWAYS_SEARCH_USER_PATHS = NO;
				CLANG_ANALYZER_NONNULL = YES;
				CLANG_ANALYZER_NUMBER_OBJECT_CONVERSION = YES_AGGRESSIVE;
				CLANG_CXX_LANGUAGE_STANDARD = "gnu++14";
				CLANG_CXX_LIBRARY = "libc++";
				CLANG_ENABLE_MODULES = YES;
				CLANG_ENABLE_OBJC_ARC = YES;
				CLANG_ENABLE_OBJC_WEAK = YES;
				CLANG_WARN_BLOCK_CAPTURE_AUTORELEASING = YES;
				CLANG_WARN_BOOL_CONVERSION = YES;
				CLANG_WARN_COMMA = YES;
				CLANG_WARN_CONSTANT_CONVERSION = YES;
				CLANG_WARN_DEPRECATED_OBJC_IMPLEMENTATIONS = YES;
				CLANG_WARN_DIRECT_OBJC_ISA_USAGE = YES_ERROR;
				CLANG_WARN_DOCUMENTATION_COMMENTS = YES;
				CLANG_WARN_EMPTY_BODY = YES;
				CLANG_WARN_ENUM_CONVERSION = YES;
				CLANG_WARN_INFINITE_RECURSION = YES;
				CLANG_WARN_INT_CONVERSION = YES;
				CLANG_WARN_NON_LITERAL_NULL_CONVERSION = YES;
				CLANG_WARN_OBJC_IMPLICIT_RETAIN_SELF = YES;
				CLANG_WARN_OBJC_LITERAL_CONVERSION = YES;
				CLANG_WARN_OBJC_ROOT_CLASS = YES_ERROR;
				CLANG_WARN_QUOTED_INCLUDE_IN_FRAMEWORK_HEADER = YES;
				CLANG_WARN_RANGE_LOOP_ANALYSIS = YES;
				CLANG_WARN_STRICT_PROTOTYPES = YES;
				CLANG_WARN_SUSPICIOUS_MOVE = YES;
				CLANG_WARN_UNGUARDED_AVAILABILITY = YES_AGGRESSIVE;
				CLANG_WARN_UNREACHABLE_CODE = YES;
				CLANG_WARN__DUPLICATE_METHOD_MATCH = YES;
				COPY_PHASE_STRIP = NO;
				DEBUG_INFORMATION_FORMAT = dwarf;
				ENABLE_STRICT_OBJC_MSGSEND = YES;
				ENABLE_TESTABILITY = YES;
				GCC_C_LANGUAGE_STANDARD = gnu11;
				GCC_DYNAMIC_NO_PIC = NO;
				GCC_NO_COMMON_BLOCKS = YES;
				GCC_OPTIMIZATION_LEVEL = 0;
				GCC_PREPROCESSOR_DEFINITIONS = (
					"DEBUG=1",
					"$(inherited)",
				);
				GCC_WARN_64_TO_32_BIT_CONVERSION = YES;
				GCC_WARN_ABOUT_RETURN_TYPE = YES_ERROR;
				GCC_WARN_UNDECLARED_SELECTOR = YES;
				GCC_WARN_UNINITIALIZED_AUTOS = YES_AGGRESSIVE;
				GCC_WARN_UNUSED_FUNCTION = YES;
				GCC_WARN_UNUSED_VARIABLE = YES;
				IPHONEOS_DEPLOYMENT_TARGET = 14.5;
				MTL_ENABLE_DEBUG_INFO = INCLUDE_SOURCE;
				MTL_FAST_MATH = YES;
				ONLY_ACTIVE_ARCH = YES;
				SDKROOT = iphoneos;
				SWIFT_ACTIVE_COMPILATION_CONDITIONS = DEBUG;
				SWIFT_OPTIMIZATION_LEVEL = "-Onone";
			};
			name = Debug;
		};
		790452ED279FD95600912143 /* Release */ = {
			isa = XCBuildConfiguration;
			buildSettings = {
				ALWAYS_SEARCH_USER_PATHS = NO;
				CLANG_ANALYZER_NONNULL = YES;
				CLANG_ANALYZER_NUMBER_OBJECT_CONVERSION = YES_AGGRESSIVE;
				CLANG_CXX_LANGUAGE_STANDARD = "gnu++14";
				CLANG_CXX_LIBRARY = "libc++";
				CLANG_ENABLE_MODULES = YES;
				CLANG_ENABLE_OBJC_ARC = YES;
				CLANG_ENABLE_OBJC_WEAK = YES;
				CLANG_WARN_BLOCK_CAPTURE_AUTORELEASING = YES;
				CLANG_WARN_BOOL_CONVERSION = YES;
				CLANG_WARN_COMMA = YES;
				CLANG_WARN_CONSTANT_CONVERSION = YES;
				CLANG_WARN_DEPRECATED_OBJC_IMPLEMENTATIONS = YES;
				CLANG_WARN_DIRECT_OBJC_ISA_USAGE = YES_ERROR;
				CLANG_WARN_DOCUMENTATION_COMMENTS = YES;
				CLANG_WARN_EMPTY_BODY = YES;
				CLANG_WARN_ENUM_CONVERSION = YES;
				CLANG_WARN_INFINITE_RECURSION = YES;
				CLANG_WARN_INT_CONVERSION = YES;
				CLANG_WARN_NON_LITERAL_NULL_CONVERSION = YES;
				CLANG_WARN_OBJC_IMPLICIT_RETAIN_SELF = YES;
				CLANG_WARN_OBJC_LITERAL_CONVERSION = YES;
				CLANG_WARN_OBJC_ROOT_CLASS = YES_ERROR;
				CLANG_WARN_QUOTED_INCLUDE_IN_FRAMEWORK_HEADER = YES;
				CLANG_WARN_RANGE_LOOP_ANALYSIS = YES;
				CLANG_WARN_STRICT_PROTOTYPES = YES;
				CLANG_WARN_SUSPICIOUS_MOVE = YES;
				CLANG_WARN_UNGUARDED_AVAILABILITY = YES_AGGRESSIVE;
				CLANG_WARN_UNREACHABLE_CODE = YES;
				CLANG_WARN__DUPLICATE_METHOD_MATCH = YES;
				COPY_PHASE_STRIP = NO;
				DEBUG_INFORMATION_FORMAT = "dwarf-with-dsym";
				ENABLE_NS_ASSERTIONS = NO;
				ENABLE_STRICT_OBJC_MSGSEND = YES;
				GCC_C_LANGUAGE_STANDARD = gnu11;
				GCC_NO_COMMON_BLOCKS = YES;
				GCC_WARN_64_TO_32_BIT_CONVERSION = YES;
				GCC_WARN_ABOUT_RETURN_TYPE = YES_ERROR;
				GCC_WARN_UNDECLARED_SELECTOR = YES;
				GCC_WARN_UNINITIALIZED_AUTOS = YES_AGGRESSIVE;
				GCC_WARN_UNUSED_FUNCTION = YES;
				GCC_WARN_UNUSED_VARIABLE = YES;
				IPHONEOS_DEPLOYMENT_TARGET = 14.5;
				MTL_ENABLE_DEBUG_INFO = NO;
				MTL_FAST_MATH = YES;
				SDKROOT = iphoneos;
				SWIFT_COMPILATION_MODE = wholemodule;
				SWIFT_OPTIMIZATION_LEVEL = "-O";
				VALIDATE_PRODUCT = YES;
			};
			name = Release;
		};
		790452EF279FD95600912143 /* Debug */ = {
			isa = XCBuildConfiguration;
			buildSettings = {
				ASSETCATALOG_COMPILER_APPICON_NAME = AppIcon;
				ASSETCATALOG_COMPILER_GLOBAL_ACCENT_COLOR_NAME = AccentColor;
				CODE_SIGN_STYLE = Automatic;
				INFOPLIST_FILE = Assignment/Info.plist;
				LD_RUNPATH_SEARCH_PATHS = (
					"$(inherited)",
					"@executable_path/Frameworks",
				);
				PRODUCT_BUNDLE_IDENTIFIER = com.amruta.Assignment;
				PRODUCT_NAME = "$(TARGET_NAME)";
				SWIFT_VERSION = 5.0;
				TARGETED_DEVICE_FAMILY = "1,2";
			};
			name = Debug;
		};
		790452F0279FD95600912143 /* Release */ = {
			isa = XCBuildConfiguration;
			buildSettings = {
				ASSETCATALOG_COMPILER_APPICON_NAME = AppIcon;
				ASSETCATALOG_COMPILER_GLOBAL_ACCENT_COLOR_NAME = AccentColor;
				CODE_SIGN_STYLE = Automatic;
				INFOPLIST_FILE = Assignment/Info.plist;
				LD_RUNPATH_SEARCH_PATHS = (
					"$(inherited)",
					"@executable_path/Frameworks",
				);
				PRODUCT_BUNDLE_IDENTIFIER = com.amruta.Assignment;
				PRODUCT_NAME = "$(TARGET_NAME)";
				SWIFT_VERSION = 5.0;
				TARGETED_DEVICE_FAMILY = "1,2";
			};
			name = Release;
		};
/* End XCBuildConfiguration section */

/* Begin XCConfigurationList section */
		790452D5279FD95600912143 /* Build configuration list for PBXProject "Assignment" */ = {
			isa = XCConfigurationList;
			buildConfigurations = (
				790452EC279FD95600912143 /* Debug */,
				790452ED279FD95600912143 /* Release */,
			);
			defaultConfigurationIsVisible = 0;
			defaultConfigurationName = Release;
		};
		790452EE279FD95600912143 /* Build configuration list for PBXNativeTarget "Assignment" */ = {
			isa = XCConfigurationList;
			buildConfigurations = (
				790452EF279FD95600912143 /* Debug */,
				790452F0279FD95600912143 /* Release */,
			);
			defaultConfigurationIsVisible = 0;
			defaultConfigurationName = Release;
		};
/* End XCConfigurationList section */
	};
	rootObject = 790452D2279FD95600912143 /* Project object */;
}
